{
  "name": "sarzamin",
  "lockfileVersion": 3,
  "requires": true,
  "packages": {
    "": {
      "dependencies": {
        "moment-jalaali": "^0.10.4",
        "react-multi-date-picker": "^4.5.2"
      }
    },
    "node_modules/jalaali-js": {
      "version": "1.2.8",
      "resolved": "https://registry.npmjs.org/jalaali-js/-/jalaali-js-1.2.8.tgz",
      "integrity": "sha512-Jl/EwY84JwjW2wsWqeU4pNd22VNQ7EkjI36bDuLw31wH98WQW4fPjD0+mG7cdCK+Y8D6s9R3zLiQ3LaKu6bD8A==",
      "license": "MIT"
    },
    "node_modules/moment": {
      "version": "2.30.1",
      "resolved": "https://registry.npmjs.org/moment/-/moment-2.30.1.tgz",
      "integrity": "sha512-uEmtNhbDOrWPFS+hdjFCBfy9f2YoyzRpwcl+DqpC6taX21FzsTLQVbMV/W7PzNSX6x/bhC1zA3c2UQ5NzH6how==",
      "license": "MIT",
      "engines": {
        "node": "*"
      }
    },
    "node_modules/moment-jalaali": {
      "version": "0.10.4",
      "resolved": "https://registry.npmjs.org/moment-jalaali/-/moment-jalaali-0.10.4.tgz",
      "integrity": "sha512-/eD0HeyvATznb5iE0G1BHjKRZAFEpJ9ZNUkcHwXhNgt1WJJVVzHD7+uDmqzZWVFLdbGme2gvIXKb3ezDYOXcZA==",
      "license": "MIT",
      "dependencies": {
        "jalaali-js": "^1.2.7",
        "moment": "^2.29.4",
        "moment-timezone": "^0.5.46"
      }
    },
    "node_modules/moment-timezone": {
      "version": "0.5.48",
      "resolved": "https://registry.npmjs.org/moment-timezone/-/moment-timezone-0.5.48.tgz",
      "integrity": "sha512-f22b8LV1gbTO2ms2j2z13MuPogNoh5UzxL3nzNAYKGraILnbGc9NEE6dyiiiLv46DGRb8A4kg8UKWLjPthxBHw==",
      "license": "MIT",
      "dependencies": {
        "moment": "^2.29.4"
      },
      "engines": {
        "node": "*"
      }
    },
    "node_modules/react": {
      "version": "19.1.0",
      "resolved": "https://registry.npmjs.org/react/-/react-19.1.0.tgz",
      "integrity": "sha512-FS+XFBNvn3GTAWq26joslQgWNoFu08F4kl0J4CgdNKADkdSGXQyTCnKteIAJy96Br6YbpEU1LSzV5dYtjMkMDg==",
      "license": "MIT",
      "peer": true,
      "engines": {
        "node": ">=0.10.0"
      }
    },
    "node_modules/react-date-object": {
      "version": "2.1.9",
      "resolved": "https://registry.npmjs.org/react-date-object/-/react-date-object-2.1.9.tgz",
      "integrity": "sha512-BHxD/quWOTo9fLKV/cfL/M31ePoj4a1JaJ/CnOf8Ndg3mrkh4x9wEMMkCfTrzduxDOgU8ZgR8uarhqI5G71sTg==",
      "license": "MIT"
    },
    "node_modules/react-dom": {
      "version": "19.1.0",
      "resolved": "https://registry.npmjs.org/react-dom/-/react-dom-19.1.0.tgz",
      "integrity": "sha512-Xs1hdnE+DyKgeHJeJznQmYMIBG3TKIHJJT95Q58nHLSrElKlGQqDTR2HQ9fx5CN/Gk6Vh/kupBTDLU11/nDk/g==",
      "license": "MIT",
      "peer": true,
      "dependencies": {
        "scheduler": "^0.26.0"
      },
      "peerDependencies": {
        "react": "^19.1.0"
      }
    },
    "node_modules/react-element-popper": {
      "version": "2.1.7",
      "resolved": "https://registry.npmjs.org/react-element-popper/-/react-element-popper-2.1.7.tgz",
      "integrity": "sha512-tuM2OxKlW32h+6uFSK6EENHPeZ2OGgOipHfOAl+VLWEv9/j3QkSGbD+ADX3A9uJlmq24i37n28RjJmAbGTfpEg==",
      "license": "MIT",
      "peerDependencies": {
        "react": ">=16.8.0",
        "react-dom": ">=16.8.0"
      }
    },
    "node_modules/react-multi-date-picker": {
      "version": "4.5.2",
      "resolved": "https://registry.npmjs.org/react-multi-date-picker/-/react-multi-date-picker-4.5.2.tgz",
      "integrity": "sha512-FgWjZB3Z6IA6XpcWiLPk85PwcRUhOiYhKK42o5k672gD/n2I6rzPfQ8bUrldOIiF/Z7FfOCdH7a6FeubzqteLg==",
      "license": "MIT",
      "dependencies": {
        "react-date-object": "^2.1.8",
        "react-element-popper": "^2.1.6"
      },
      "peerDependencies": {
        "react": ">=16.8.0",
        "react-dom": ">=16.8.0"
      }
    },
    "node_modules/scheduler": {
      "version": "0.26.0",
      "resolved": "https://registry.npmjs.org/scheduler/-/scheduler-0.26.0.tgz",
      "integrity": "sha512-NlHwttCI/l5gCPR3D1nNXtWABUmBwvZpEQiD4IXSbIDq8BzLIK/7Ir5gTFSGZDUu37K5cMNp0hFtzO38sC7gWA==",
      "license": "MIT",
      "peer": true
    }
  }
}
